
Microsoft Visual Studio Solution File, Format Version 12.00
# Visual Studio 15
VisualStudioVersion = 15.0.28010.2036
MinimumVisualStudioVersion = 10.0.40219.1
Project("{FAE04EC0-301F-11D3-BF4B-00C04F79EFBC}") = "FactoryMethod", "FactoryMethod\FactoryMethod.csproj", "{FD432797-18AD-46C6-827D-76E2437550B3}"
EndProject
Project("{FAE04EC0-301F-11D3-BF4B-00C04F79EFBC}") = "AbstractFactory", "AbstractFactory\AbstractFactory.csproj", "{2B9DFDDD-4786-45F6-BD8D-4E2D6B448F9B}"
EndProject
Global
	GlobalSection(SolutionConfigurationPlatforms) = preSolution
		Debug|Any CPU = Debug|Any CPU
		Release|Any CPU = Release|Any CPU
	EndGlobalSection
	GlobalSection(ProjectConfigurationPlatforms) = postSolution
		{FD432797-18AD-46C6-827D-76E2437550B3}.Debug|Any CPU.ActiveCfg = Debug|Any CPU
		{FD432797-18AD-46C6-827D-76E2437550B3}.Debug|Any CPU.Build.0 = Debug|Any CPU
		{FD432797-18AD-46C6-827D-76E2437550B3}.Release|Any CPU.ActiveCfg = Release|Any CPU
		{FD432797-18AD-46C6-827D-76E2437550B3}.Release|Any CPU.Build.0 = Release|Any CPU
		{2B9DFDDD-4786-45F6-BD8D-4E2D6B448F9B}.Debug|Any CPU.ActiveCfg = Debug|Any CPU
		{2B9DFDDD-4786-45F6-BD8D-4E2D6B448F9B}.Debug|Any CPU.Build.0 = Debug|Any CPU
		{2B9DFDDD-4786-45F6-BD8D-4E2D6B448F9B}.Release|Any CPU.ActiveCfg = Release|Any CPU
		{2B9DFDDD-4786-45F6-BD8D-4E2D6B448F9B}.Release|Any CPU.Build.0 = Release|Any CPU
	EndGlobalSection
	GlobalSection(SolutionProperties) = preSolution
		HideSolutionNode = FALSE
	EndGlobalSection
	GlobalSection(ExtensibilityGlobals) = postSolution
		SolutionGuid = {4A44E91B-D03C-4BB9-9106-7448D2B41672}
	EndGlobalSection
EndGlobal
