
Microsoft Visual Studio Solution File, Format Version 12.00
# Visual Studio 15
VisualStudioVersion = 15.0.28010.2036
MinimumVisualStudioVersion = 10.0.40219.1
Project("{FAE04EC0-301F-11D3-BF4B-00C04F79EFBC}") = "FactoryMethod", "FactoryMethod\FactoryMethod.csproj", "{FD432797-18AD-46C6-827D-76E2437550B3}"
EndProject
Project("{FAE04EC0-301F-11D3-BF4B-00C04F79EFBC}") = "AbstractFactory", "AbstractFactory\AbstractFactory.csproj", "{2B9DFDDD-4786-45F6-BD8D-4E2D6B448F9B}"
EndProject
Project("{FAE04EC0-301F-11D3-BF4B-00C04F79EFBC}") = "BuilderPattern", "BuilderPattern\BuilderPattern.csproj", "{EDA44FB9-317F-4194-8C4B-7317B349E235}"
EndProject
Project("{FAE04EC0-301F-11D3-BF4B-00C04F79EFBC}") = "Prototype", "Prototype\Prototype.csproj", "{13E88E92-5AC8-4BEF-9224-27CCEEC17BDF}"
EndProject
Project("{FAE04EC0-301F-11D3-BF4B-00C04F79EFBC}") = "Singleton", "Singleton\Singleton.csproj", "{2563F3F4-4B5C-4B7C-8362-7CE8D9523917}"
EndProject
Project("{FAE04EC0-301F-11D3-BF4B-00C04F79EFBC}") = "Presentation", "Presentation\Presentation.csproj", "{3D9F1518-6F63-447C-95FA-F84DFE359FF1}"
EndProject
Global
	GlobalSection(SolutionConfigurationPlatforms) = preSolution
		Debug|Any CPU = Debug|Any CPU
		Release|Any CPU = Release|Any CPU
	EndGlobalSection
	GlobalSection(ProjectConfigurationPlatforms) = postSolution
		{FD432797-18AD-46C6-827D-76E2437550B3}.Debug|Any CPU.ActiveCfg = Debug|Any CPU
		{FD432797-18AD-46C6-827D-76E2437550B3}.Debug|Any CPU.Build.0 = Debug|Any CPU
		{FD432797-18AD-46C6-827D-76E2437550B3}.Release|Any CPU.ActiveCfg = Release|Any CPU
		{FD432797-18AD-46C6-827D-76E2437550B3}.Release|Any CPU.Build.0 = Release|Any CPU
		{2B9DFDDD-4786-45F6-BD8D-4E2D6B448F9B}.Debug|Any CPU.ActiveCfg = Debug|Any CPU
		{2B9DFDDD-4786-45F6-BD8D-4E2D6B448F9B}.Debug|Any CPU.Build.0 = Debug|Any CPU
		{2B9DFDDD-4786-45F6-BD8D-4E2D6B448F9B}.Release|Any CPU.ActiveCfg = Release|Any CPU
		{2B9DFDDD-4786-45F6-BD8D-4E2D6B448F9B}.Release|Any CPU.Build.0 = Release|Any CPU
		{EDA44FB9-317F-4194-8C4B-7317B349E235}.Debug|Any CPU.ActiveCfg = Debug|Any CPU
		{EDA44FB9-317F-4194-8C4B-7317B349E235}.Debug|Any CPU.Build.0 = Debug|Any CPU
		{EDA44FB9-317F-4194-8C4B-7317B349E235}.Release|Any CPU.ActiveCfg = Release|Any CPU
		{EDA44FB9-317F-4194-8C4B-7317B349E235}.Release|Any CPU.Build.0 = Release|Any CPU
		{13E88E92-5AC8-4BEF-9224-27CCEEC17BDF}.Debug|Any CPU.ActiveCfg = Debug|Any CPU
		{13E88E92-5AC8-4BEF-9224-27CCEEC17BDF}.Debug|Any CPU.Build.0 = Debug|Any CPU
		{13E88E92-5AC8-4BEF-9224-27CCEEC17BDF}.Release|Any CPU.ActiveCfg = Release|Any CPU
		{13E88E92-5AC8-4BEF-9224-27CCEEC17BDF}.Release|Any CPU.Build.0 = Release|Any CPU
		{2563F3F4-4B5C-4B7C-8362-7CE8D9523917}.Debug|Any CPU.ActiveCfg = Debug|Any CPU
		{2563F3F4-4B5C-4B7C-8362-7CE8D9523917}.Debug|Any CPU.Build.0 = Debug|Any CPU
		{2563F3F4-4B5C-4B7C-8362-7CE8D9523917}.Release|Any CPU.ActiveCfg = Release|Any CPU
		{2563F3F4-4B5C-4B7C-8362-7CE8D9523917}.Release|Any CPU.Build.0 = Release|Any CPU
		{3D9F1518-6F63-447C-95FA-F84DFE359FF1}.Debug|Any CPU.ActiveCfg = Debug|Any CPU
		{3D9F1518-6F63-447C-95FA-F84DFE359FF1}.Debug|Any CPU.Build.0 = Debug|Any CPU
		{3D9F1518-6F63-447C-95FA-F84DFE359FF1}.Release|Any CPU.ActiveCfg = Release|Any CPU
		{3D9F1518-6F63-447C-95FA-F84DFE359FF1}.Release|Any CPU.Build.0 = Release|Any CPU
	EndGlobalSection
	GlobalSection(SolutionProperties) = preSolution
		HideSolutionNode = FALSE
	EndGlobalSection
	GlobalSection(ExtensibilityGlobals) = postSolution
		SolutionGuid = {4A44E91B-D03C-4BB9-9106-7448D2B41672}
	EndGlobalSection
EndGlobal
